
Microsoft Visual Studio Solution File, Format Version 12.00
# Visual Studio 15
VisualStudioVersion = 15.0.27428.2037
MinimumVisualStudioVersion = 10.0.40219.1
Project("{9A19103F-16F7-4668-BE54-9A1E7A4F7556}") = "iStoreSystem", "iStoreSystem\iStoreSystem.csproj", "{CAB5FD54-D71D-48C6-8FF3-2C4D0CF0D626}"
EndProject
Project("{2150E333-8FDC-42A3-9474-1A3956D46DE8}") = "Applications", "Applications", "{0BBDB126-9D3B-4B74-9F0F-0F8E106E4D16}"
EndProject
Project("{2150E333-8FDC-42A3-9474-1A3956D46DE8}") = "Console", "Console", "{900F7442-BE55-4801-8CBD-95529E23B671}"
EndProject
Project("{9A19103F-16F7-4668-BE54-9A1E7A4F7556}") = "iStoreConsole", "Applications\Console\iStoreConsole\iStoreConsole\iStoreConsole.csproj", "{ADD56D14-4302-4557-B3A2-476EDA7FC67F}"
EndProject
Project("{2150E333-8FDC-42A3-9474-1A3956D46DE8}") = "Common", "Common", "{98387456-96A6-4D43-85C9-4CEE891C5ECF}"
EndProject
Project("{9A19103F-16F7-4668-BE54-9A1E7A4F7556}") = "ClassLoading", "Common\ClassLoading\ClassLoading.csproj", "{A922C510-F9DF-4DCA-B32F-83174F3590F8}"
EndProject
Project("{2150E333-8FDC-42A3-9474-1A3956D46DE8}") = "Tests", "Tests", "{F5865056-E170-461F-BA94-83A9FF00DFAF}"
EndProject
Project("{2150E333-8FDC-42A3-9474-1A3956D46DE8}") = "Common", "Common", "{45D71FD7-E5E7-4AD8-9CB8-D2F0A7B6278E}"
EndProject
Project("{9A19103F-16F7-4668-BE54-9A1E7A4F7556}") = "ClassLoadingTests", "Tests\Common\ClassLoadingTests\ClassLoadingTests.csproj", "{EE743F45-0403-4B2F-8504-1BE369502A82}"
EndProject
Project("{2150E333-8FDC-42A3-9474-1A3956D46DE8}") = "Rest", "Rest", "{6B787092-2AF5-4719-84A6-6E4BF941E3DD}"
EndProject
Project("{9A19103F-16F7-4668-BE54-9A1E7A4F7556}") = "iStoreRestApi", "Applications\Rest\iStoreRestApi\iStoreRestApi.csproj", "{81D7F443-2AF3-4CDF-9DEF-F97196EA0E9D}"
EndProject
Project("{2150E333-8FDC-42A3-9474-1A3956D46DE8}") = "Constants", "Constants", "{EEAE98BA-AAAB-46BC-94BE-42722A362264}"
EndProject
Project("{2150E333-8FDC-42A3-9474-1A3956D46DE8}") = "Configuration", "Configuration", "{A7F7D91D-3F56-4BBB-A8F3-D901B72751F7}"
EndProject
Project("{2150E333-8FDC-42A3-9474-1A3956D46DE8}") = "Namespace", "Namespace", "{B0B285A9-5F67-45FD-96FA-2AFDF7AFC0CF}"
EndProject
Project("{9A19103F-16F7-4668-BE54-9A1E7A4F7556}") = "IStoreLibrariesNames", "Constants\Namespace\IStoreLibrariesNames\IStoreLibrariesNames.csproj", "{7C0F9C0E-2F8E-4FE8-B89C-CC952A162E4A}"
EndProject
Project("{2150E333-8FDC-42A3-9474-1A3956D46DE8}") = "Scripts", "Scripts", "{8E96E357-8DA7-44E8-AC1F-C3DBDB82FE16}"
EndProject
Project("{2150E333-8FDC-42A3-9474-1A3956D46DE8}") = "PowerShell", "PowerShell", "{2A2F757A-FAF5-46D8-8777-D11351887651}"
EndProject
Project("{2150E333-8FDC-42A3-9474-1A3956D46DE8}") = "Databases", "Databases", "{9A0DD3A6-189A-44A1-ADC2-95372F4BC175}"
EndProject
Project("{2150E333-8FDC-42A3-9474-1A3956D46DE8}") = "MsSql", "MsSql", "{69A41796-4DDC-43E0-AE78-0719639102FB}"
EndProject
Project("{2150E333-8FDC-42A3-9474-1A3956D46DE8}") = "Solution", "Solution", "{8966AB02-8232-4571-8397-3764544DB9EC}"
	ProjectSection(SolutionItems) = preProject
		Scripts\PowerShell\Solution\ChangeDotNetProjectsVersion.ps1 = Scripts\PowerShell\Solution\ChangeDotNetProjectsVersion.ps1
	EndProjectSection
EndProject
Project("{2150E333-8FDC-42A3-9474-1A3956D46DE8}") = "Data", "Data", "{05E2A0C6-B956-45D3-82C7-45EBED229056}"
EndProject
Project("{2150E333-8FDC-42A3-9474-1A3956D46DE8}") = "Access", "Access", "{FD0FA196-2A75-4DFE-82AA-258F424B0084}"
EndProject
Project("{9A19103F-16F7-4668-BE54-9A1E7A4F7556}") = "DataAcessMeta", "Data\Access\DataAcessMeta\DataAcessMeta.csproj", "{CB47C3D9-48A8-4C4E-BF62-BE0AD3D80E78}"
EndProject
Project("{2150E333-8FDC-42A3-9474-1A3956D46DE8}") = "Sources", "Sources", "{585F87C9-B76D-4807-9417-E587D8917195}"
EndProject
Project("{2150E333-8FDC-42A3-9474-1A3956D46DE8}") = "MsSql", "MsSql", "{8AD968E1-A1B2-40A8-83D3-16693E101769}"
EndProject
Project("{9A19103F-16F7-4668-BE54-9A1E7A4F7556}") = "MsSqlDataAccessMeta", "Data\Access\Sources\MsSql\MsSqlDataAccessMeta\MsSqlDataAccessMeta.csproj", "{A0814073-D069-42BC-9F4C-260698D40B29}"
EndProject
Project("{9A19103F-16F7-4668-BE54-9A1E7A4F7556}") = "MsSqlDataEntitiesMeta", "Data\Access\Sources\MsSql\MsSqlDataEntitiesMeta\MsSqlDataEntitiesMeta.csproj", "{B08075D8-5937-4730-A8EB-C06A2681A3B5}"
EndProject
Project("{9A19103F-16F7-4668-BE54-9A1E7A4F7556}") = "MsSqlEntLibDataAccess", "Data\Access\Sources\MsSql\MsSqlEntLibDataAccess\MsSqlEntLibDataAccess.csproj", "{40661AA7-A96F-469C-BB3D-FA137B65F8CE}"
EndProject
Project("{9A19103F-16F7-4668-BE54-9A1E7A4F7556}") = "MsSqlDataEntities", "Data\Access\Sources\MsSql\MsSqlDataEntities\MsSqlDataEntities.csproj", "{80C5E4DD-887F-447E-8A75-67D34F749131}"
EndProject
Project("{9A19103F-16F7-4668-BE54-9A1E7A4F7556}") = "DataEntitiesCommon", "Data\Access\DataEntitiesCommon\DataEntitiesCommon.csproj", "{FEDC926A-3079-403C-9B15-D657FBD5959D}"
EndProject
Project("{9A19103F-16F7-4668-BE54-9A1E7A4F7556}") = "ArticleModel", "Model\ArticleModel\ArticleModel.csproj", "{39F6CDD4-CA44-44D6-832E-1892681C6C84}"
EndProject
Project("{2150E333-8FDC-42A3-9474-1A3956D46DE8}") = "Model", "Model", "{D3709A02-9CDE-4D70-B16F-D66EA0358AF1}"
EndProject
Project("{2150E333-8FDC-42A3-9474-1A3956D46DE8}") = "Model", "Model", "{F90B13CD-233F-4951-B3DA-9DDD88E76AC7}"
EndProject
Project("{9A19103F-16F7-4668-BE54-9A1E7A4F7556}") = "ArticleModelTests", "Tests\Model\ArticleModelTests\ArticleModelTests.csproj", "{28138CC7-7FED-487F-AA81-B61434711FD3}"
EndProject
Project("{9A19103F-16F7-4668-BE54-9A1E7A4F7556}") = "DataEntitiesCommonMeta", "Data\Access\DataEntitiesCommonMeta\DataEntitiesCommonMeta.csproj", "{75DACBE2-A097-4294-B688-750B576505B8}"
EndProject
Project("{2150E333-8FDC-42A3-9474-1A3956D46DE8}") = "Data", "Data", "{EC538FB1-57BA-4008-A42A-921CCBC32077}"
EndProject
Project("{2150E333-8FDC-42A3-9474-1A3956D46DE8}") = "Access", "Access", "{AB0774F3-4D6B-47AA-B3EA-9CB6C9132F8A}"
EndProject
Project("{9A19103F-16F7-4668-BE54-9A1E7A4F7556}") = "DataEntitiesCommonTests", "Tests\Data\Access\DataEntitiesCommonTests\DataEntitiesCommonTests.csproj", "{A8A7B2F7-82E5-4C6A-BC1C-61A26A02C20C}"
EndProject
Project("{9A19103F-16F7-4668-BE54-9A1E7A4F7556}") = "FakeDataAccess", "Tests\Data\Access\FakeDataAccess\FakeDataAccess.csproj", "{FF466164-135C-4A3A-9E82-6C6EC92E23D5}"
EndProject
Project("{9A19103F-16F7-4668-BE54-9A1E7A4F7556}") = "FakeModel", "Tests\Model\FakeModel\FakeModel.csproj", "{84252B4F-CAB3-44E5-A880-40F44966B74D}"
EndProject
Project("{9A19103F-16F7-4668-BE54-9A1E7A4F7556}") = "DataIdentifiersMeta", "Data\Access\DataIdentifiersMeta\DataIdentifiersMeta.csproj", "{AD161FEE-6EE3-4797-B353-6CF48ACA8C47}"
EndProject
Project("{FAE04EC0-301F-11D3-BF4B-00C04F79EFBC}") = "DataIdentifiers", "Data\Access\DataIdentifiers\DataIdentifiers.csproj", "{60290124-D3CB-46A4-BAFA-947921B72F04}"
EndProject
Global
	GlobalSection(SolutionConfigurationPlatforms) = preSolution
		Debug|Any CPU = Debug|Any CPU
		Release|Any CPU = Release|Any CPU
	EndGlobalSection
	GlobalSection(ProjectConfigurationPlatforms) = postSolution
		{CAB5FD54-D71D-48C6-8FF3-2C4D0CF0D626}.Debug|Any CPU.ActiveCfg = Debug|Any CPU
		{CAB5FD54-D71D-48C6-8FF3-2C4D0CF0D626}.Debug|Any CPU.Build.0 = Debug|Any CPU
		{CAB5FD54-D71D-48C6-8FF3-2C4D0CF0D626}.Release|Any CPU.ActiveCfg = Release|Any CPU
		{CAB5FD54-D71D-48C6-8FF3-2C4D0CF0D626}.Release|Any CPU.Build.0 = Release|Any CPU
		{ADD56D14-4302-4557-B3A2-476EDA7FC67F}.Debug|Any CPU.ActiveCfg = Debug|Any CPU
		{ADD56D14-4302-4557-B3A2-476EDA7FC67F}.Debug|Any CPU.Build.0 = Debug|Any CPU
		{ADD56D14-4302-4557-B3A2-476EDA7FC67F}.Release|Any CPU.ActiveCfg = Release|Any CPU
		{ADD56D14-4302-4557-B3A2-476EDA7FC67F}.Release|Any CPU.Build.0 = Release|Any CPU
		{A922C510-F9DF-4DCA-B32F-83174F3590F8}.Debug|Any CPU.ActiveCfg = Debug|Any CPU
		{A922C510-F9DF-4DCA-B32F-83174F3590F8}.Debug|Any CPU.Build.0 = Debug|Any CPU
		{A922C510-F9DF-4DCA-B32F-83174F3590F8}.Release|Any CPU.ActiveCfg = Release|Any CPU
		{A922C510-F9DF-4DCA-B32F-83174F3590F8}.Release|Any CPU.Build.0 = Release|Any CPU
		{EE743F45-0403-4B2F-8504-1BE369502A82}.Debug|Any CPU.ActiveCfg = Debug|Any CPU
		{EE743F45-0403-4B2F-8504-1BE369502A82}.Debug|Any CPU.Build.0 = Debug|Any CPU
		{EE743F45-0403-4B2F-8504-1BE369502A82}.Release|Any CPU.ActiveCfg = Release|Any CPU
		{EE743F45-0403-4B2F-8504-1BE369502A82}.Release|Any CPU.Build.0 = Release|Any CPU
		{81D7F443-2AF3-4CDF-9DEF-F97196EA0E9D}.Debug|Any CPU.ActiveCfg = Debug|Any CPU
		{81D7F443-2AF3-4CDF-9DEF-F97196EA0E9D}.Debug|Any CPU.Build.0 = Debug|Any CPU
		{81D7F443-2AF3-4CDF-9DEF-F97196EA0E9D}.Release|Any CPU.ActiveCfg = Release|Any CPU
		{81D7F443-2AF3-4CDF-9DEF-F97196EA0E9D}.Release|Any CPU.Build.0 = Release|Any CPU
		{8984EFB0-C609-4273-B35F-1F765C8237AD}.Debug|Any CPU.ActiveCfg = Debug|Any CPU
		{8984EFB0-C609-4273-B35F-1F765C8237AD}.Debug|Any CPU.Build.0 = Debug|Any CPU
		{8984EFB0-C609-4273-B35F-1F765C8237AD}.Release|Any CPU.ActiveCfg = Release|Any CPU
		{8984EFB0-C609-4273-B35F-1F765C8237AD}.Release|Any CPU.Build.0 = Release|Any CPU
		{7C0F9C0E-2F8E-4FE8-B89C-CC952A162E4A}.Debug|Any CPU.ActiveCfg = Debug|Any CPU
		{7C0F9C0E-2F8E-4FE8-B89C-CC952A162E4A}.Debug|Any CPU.Build.0 = Debug|Any CPU
		{7C0F9C0E-2F8E-4FE8-B89C-CC952A162E4A}.Release|Any CPU.ActiveCfg = Release|Any CPU
		{7C0F9C0E-2F8E-4FE8-B89C-CC952A162E4A}.Release|Any CPU.Build.0 = Release|Any CPU
		{CB47C3D9-48A8-4C4E-BF62-BE0AD3D80E78}.Debug|Any CPU.ActiveCfg = Debug|Any CPU
		{CB47C3D9-48A8-4C4E-BF62-BE0AD3D80E78}.Debug|Any CPU.Build.0 = Debug|Any CPU
		{CB47C3D9-48A8-4C4E-BF62-BE0AD3D80E78}.Release|Any CPU.ActiveCfg = Release|Any CPU
		{CB47C3D9-48A8-4C4E-BF62-BE0AD3D80E78}.Release|Any CPU.Build.0 = Release|Any CPU
		{A0814073-D069-42BC-9F4C-260698D40B29}.Debug|Any CPU.ActiveCfg = Debug|Any CPU
		{A0814073-D069-42BC-9F4C-260698D40B29}.Debug|Any CPU.Build.0 = Debug|Any CPU
		{A0814073-D069-42BC-9F4C-260698D40B29}.Release|Any CPU.ActiveCfg = Release|Any CPU
		{A0814073-D069-42BC-9F4C-260698D40B29}.Release|Any CPU.Build.0 = Release|Any CPU
		{B08075D8-5937-4730-A8EB-C06A2681A3B5}.Debug|Any CPU.ActiveCfg = Debug|Any CPU
		{B08075D8-5937-4730-A8EB-C06A2681A3B5}.Debug|Any CPU.Build.0 = Debug|Any CPU
		{B08075D8-5937-4730-A8EB-C06A2681A3B5}.Release|Any CPU.ActiveCfg = Release|Any CPU
		{B08075D8-5937-4730-A8EB-C06A2681A3B5}.Release|Any CPU.Build.0 = Release|Any CPU
		{40661AA7-A96F-469C-BB3D-FA137B65F8CE}.Debug|Any CPU.ActiveCfg = Debug|Any CPU
		{40661AA7-A96F-469C-BB3D-FA137B65F8CE}.Debug|Any CPU.Build.0 = Debug|Any CPU
		{40661AA7-A96F-469C-BB3D-FA137B65F8CE}.Release|Any CPU.ActiveCfg = Release|Any CPU
		{40661AA7-A96F-469C-BB3D-FA137B65F8CE}.Release|Any CPU.Build.0 = Release|Any CPU
		{80C5E4DD-887F-447E-8A75-67D34F749131}.Debug|Any CPU.ActiveCfg = Debug|Any CPU
		{80C5E4DD-887F-447E-8A75-67D34F749131}.Debug|Any CPU.Build.0 = Debug|Any CPU
		{80C5E4DD-887F-447E-8A75-67D34F749131}.Release|Any CPU.ActiveCfg = Release|Any CPU
		{80C5E4DD-887F-447E-8A75-67D34F749131}.Release|Any CPU.Build.0 = Release|Any CPU
		{FEDC926A-3079-403C-9B15-D657FBD5959D}.Debug|Any CPU.ActiveCfg = Debug|Any CPU
		{FEDC926A-3079-403C-9B15-D657FBD5959D}.Debug|Any CPU.Build.0 = Debug|Any CPU
		{FEDC926A-3079-403C-9B15-D657FBD5959D}.Release|Any CPU.ActiveCfg = Release|Any CPU
		{FEDC926A-3079-403C-9B15-D657FBD5959D}.Release|Any CPU.Build.0 = Release|Any CPU
		{39F6CDD4-CA44-44D6-832E-1892681C6C84}.Debug|Any CPU.ActiveCfg = Debug|Any CPU
		{39F6CDD4-CA44-44D6-832E-1892681C6C84}.Debug|Any CPU.Build.0 = Debug|Any CPU
		{39F6CDD4-CA44-44D6-832E-1892681C6C84}.Release|Any CPU.ActiveCfg = Release|Any CPU
		{39F6CDD4-CA44-44D6-832E-1892681C6C84}.Release|Any CPU.Build.0 = Release|Any CPU
		{28138CC7-7FED-487F-AA81-B61434711FD3}.Debug|Any CPU.ActiveCfg = Debug|Any CPU
		{28138CC7-7FED-487F-AA81-B61434711FD3}.Debug|Any CPU.Build.0 = Debug|Any CPU
		{28138CC7-7FED-487F-AA81-B61434711FD3}.Release|Any CPU.ActiveCfg = Release|Any CPU
		{28138CC7-7FED-487F-AA81-B61434711FD3}.Release|Any CPU.Build.0 = Release|Any CPU
		{75DACBE2-A097-4294-B688-750B576505B8}.Debug|Any CPU.ActiveCfg = Debug|Any CPU
		{75DACBE2-A097-4294-B688-750B576505B8}.Debug|Any CPU.Build.0 = Debug|Any CPU
		{75DACBE2-A097-4294-B688-750B576505B8}.Release|Any CPU.ActiveCfg = Release|Any CPU
		{75DACBE2-A097-4294-B688-750B576505B8}.Release|Any CPU.Build.0 = Release|Any CPU
		{A8A7B2F7-82E5-4C6A-BC1C-61A26A02C20C}.Debug|Any CPU.ActiveCfg = Debug|Any CPU
		{A8A7B2F7-82E5-4C6A-BC1C-61A26A02C20C}.Debug|Any CPU.Build.0 = Debug|Any CPU
		{A8A7B2F7-82E5-4C6A-BC1C-61A26A02C20C}.Release|Any CPU.ActiveCfg = Release|Any CPU
		{A8A7B2F7-82E5-4C6A-BC1C-61A26A02C20C}.Release|Any CPU.Build.0 = Release|Any CPU
		{FF466164-135C-4A3A-9E82-6C6EC92E23D5}.Debug|Any CPU.ActiveCfg = Debug|Any CPU
		{FF466164-135C-4A3A-9E82-6C6EC92E23D5}.Debug|Any CPU.Build.0 = Debug|Any CPU
		{FF466164-135C-4A3A-9E82-6C6EC92E23D5}.Release|Any CPU.ActiveCfg = Release|Any CPU
		{FF466164-135C-4A3A-9E82-6C6EC92E23D5}.Release|Any CPU.Build.0 = Release|Any CPU
		{84252B4F-CAB3-44E5-A880-40F44966B74D}.Debug|Any CPU.ActiveCfg = Debug|Any CPU
		{84252B4F-CAB3-44E5-A880-40F44966B74D}.Debug|Any CPU.Build.0 = Debug|Any CPU
		{84252B4F-CAB3-44E5-A880-40F44966B74D}.Release|Any CPU.ActiveCfg = Release|Any CPU
		{84252B4F-CAB3-44E5-A880-40F44966B74D}.Release|Any CPU.Build.0 = Release|Any CPU
		{AD161FEE-6EE3-4797-B353-6CF48ACA8C47}.Debug|Any CPU.ActiveCfg = Debug|Any CPU
		{AD161FEE-6EE3-4797-B353-6CF48ACA8C47}.Debug|Any CPU.Build.0 = Debug|Any CPU
		{AD161FEE-6EE3-4797-B353-6CF48ACA8C47}.Release|Any CPU.ActiveCfg = Release|Any CPU
		{AD161FEE-6EE3-4797-B353-6CF48ACA8C47}.Release|Any CPU.Build.0 = Release|Any CPU
		{60290124-D3CB-46A4-BAFA-947921B72F04}.Debug|Any CPU.ActiveCfg = Debug|Any CPU
		{60290124-D3CB-46A4-BAFA-947921B72F04}.Debug|Any CPU.Build.0 = Debug|Any CPU
		{60290124-D3CB-46A4-BAFA-947921B72F04}.Release|Any CPU.ActiveCfg = Release|Any CPU
		{60290124-D3CB-46A4-BAFA-947921B72F04}.Release|Any CPU.Build.0 = Release|Any CPU
	EndGlobalSection
	GlobalSection(SolutionProperties) = preSolution
		HideSolutionNode = FALSE
	EndGlobalSection
	GlobalSection(NestedProjects) = preSolution
		{900F7442-BE55-4801-8CBD-95529E23B671} = {0BBDB126-9D3B-4B74-9F0F-0F8E106E4D16}
		{ADD56D14-4302-4557-B3A2-476EDA7FC67F} = {900F7442-BE55-4801-8CBD-95529E23B671}
		{A922C510-F9DF-4DCA-B32F-83174F3590F8} = {98387456-96A6-4D43-85C9-4CEE891C5ECF}
		{45D71FD7-E5E7-4AD8-9CB8-D2F0A7B6278E} = {F5865056-E170-461F-BA94-83A9FF00DFAF}
		{EE743F45-0403-4B2F-8504-1BE369502A82} = {45D71FD7-E5E7-4AD8-9CB8-D2F0A7B6278E}
		{6B787092-2AF5-4719-84A6-6E4BF941E3DD} = {0BBDB126-9D3B-4B74-9F0F-0F8E106E4D16}
		{81D7F443-2AF3-4CDF-9DEF-F97196EA0E9D} = {6B787092-2AF5-4719-84A6-6E4BF941E3DD}
		{A7F7D91D-3F56-4BBB-A8F3-D901B72751F7} = {EEAE98BA-AAAB-46BC-94BE-42722A362264}
		{B0B285A9-5F67-45FD-96FA-2AFDF7AFC0CF} = {EEAE98BA-AAAB-46BC-94BE-42722A362264}
		{7C0F9C0E-2F8E-4FE8-B89C-CC952A162E4A} = {B0B285A9-5F67-45FD-96FA-2AFDF7AFC0CF}
		{2A2F757A-FAF5-46D8-8777-D11351887651} = {8E96E357-8DA7-44E8-AC1F-C3DBDB82FE16}
		{9A0DD3A6-189A-44A1-ADC2-95372F4BC175} = {8E96E357-8DA7-44E8-AC1F-C3DBDB82FE16}
		{69A41796-4DDC-43E0-AE78-0719639102FB} = {9A0DD3A6-189A-44A1-ADC2-95372F4BC175}
		{8966AB02-8232-4571-8397-3764544DB9EC} = {2A2F757A-FAF5-46D8-8777-D11351887651}
		{FD0FA196-2A75-4DFE-82AA-258F424B0084} = {05E2A0C6-B956-45D3-82C7-45EBED229056}
		{CB47C3D9-48A8-4C4E-BF62-BE0AD3D80E78} = {FD0FA196-2A75-4DFE-82AA-258F424B0084}
		{585F87C9-B76D-4807-9417-E587D8917195} = {FD0FA196-2A75-4DFE-82AA-258F424B0084}
		{8AD968E1-A1B2-40A8-83D3-16693E101769} = {585F87C9-B76D-4807-9417-E587D8917195}
		{A0814073-D069-42BC-9F4C-260698D40B29} = {8AD968E1-A1B2-40A8-83D3-16693E101769}
		{B08075D8-5937-4730-A8EB-C06A2681A3B5} = {8AD968E1-A1B2-40A8-83D3-16693E101769}
		{40661AA7-A96F-469C-BB3D-FA137B65F8CE} = {8AD968E1-A1B2-40A8-83D3-16693E101769}
		{80C5E4DD-887F-447E-8A75-67D34F749131} = {8AD968E1-A1B2-40A8-83D3-16693E101769}
		{FEDC926A-3079-403C-9B15-D657FBD5959D} = {FD0FA196-2A75-4DFE-82AA-258F424B0084}
		{39F6CDD4-CA44-44D6-832E-1892681C6C84} = {D3709A02-9CDE-4D70-B16F-D66EA0358AF1}
		{F90B13CD-233F-4951-B3DA-9DDD88E76AC7} = {F5865056-E170-461F-BA94-83A9FF00DFAF}
		{28138CC7-7FED-487F-AA81-B61434711FD3} = {F90B13CD-233F-4951-B3DA-9DDD88E76AC7}
		{75DACBE2-A097-4294-B688-750B576505B8} = {FD0FA196-2A75-4DFE-82AA-258F424B0084}
		{EC538FB1-57BA-4008-A42A-921CCBC32077} = {F5865056-E170-461F-BA94-83A9FF00DFAF}
		{AB0774F3-4D6B-47AA-B3EA-9CB6C9132F8A} = {EC538FB1-57BA-4008-A42A-921CCBC32077}
		{A8A7B2F7-82E5-4C6A-BC1C-61A26A02C20C} = {AB0774F3-4D6B-47AA-B3EA-9CB6C9132F8A}
		{FF466164-135C-4A3A-9E82-6C6EC92E23D5} = {AB0774F3-4D6B-47AA-B3EA-9CB6C9132F8A}
		{84252B4F-CAB3-44E5-A880-40F44966B74D} = {F90B13CD-233F-4951-B3DA-9DDD88E76AC7}
		{AD161FEE-6EE3-4797-B353-6CF48ACA8C47} = {FD0FA196-2A75-4DFE-82AA-258F424B0084}
		{60290124-D3CB-46A4-BAFA-947921B72F04} = {FD0FA196-2A75-4DFE-82AA-258F424B0084}
	EndGlobalSection
	GlobalSection(ExtensibilityGlobals) = postSolution
		SolutionGuid = {18A1AB14-A704-4F6F-8C48-24E3C114C8E0}
	EndGlobalSection
EndGlobal
