
Microsoft Visual Studio Solution File, Format Version 12.00
# Visual Studio 15
VisualStudioVersion = 15.0.27428.2037
MinimumVisualStudioVersion = 10.0.40219.1
Project("{2150E333-8FDC-42A3-9474-1A3956D46DE8}") = "Business", "Business", "{70260CE0-7AE4-4857-9565-6609ABA21F5D}"
EndProject
Project("{2150E333-8FDC-42A3-9474-1A3956D46DE8}") = "Model", "Model", "{954E508A-69FE-439D-94D9-430A4F543BA2}"
EndProject
Project("{2150E333-8FDC-42A3-9474-1A3956D46DE8}") = "Services", "Services", "{5F78765A-59AB-4A98-B775-B9F38D0C79AA}"
EndProject
Project("{9A19103F-16F7-4668-BE54-9A1E7A4F7556}") = "iStoreSystem", "iStoreSystem\iStoreSystem.csproj", "{CAB5FD54-D71D-48C6-8FF3-2C4D0CF0D626}"
EndProject
Project("{2150E333-8FDC-42A3-9474-1A3956D46DE8}") = "Applications", "Applications", "{0BBDB126-9D3B-4B74-9F0F-0F8E106E4D16}"
EndProject
Project("{2150E333-8FDC-42A3-9474-1A3956D46DE8}") = "Console", "Console", "{900F7442-BE55-4801-8CBD-95529E23B671}"
EndProject
Project("{9A19103F-16F7-4668-BE54-9A1E7A4F7556}") = "iStoreConsole", "Applications\Console\iStoreConsole\iStoreConsole\iStoreConsole.csproj", "{ADD56D14-4302-4557-B3A2-476EDA7FC67F}"
EndProject
Project("{2150E333-8FDC-42A3-9474-1A3956D46DE8}") = "Data", "Data", "{27325BC9-DF14-45EF-A4B0-BEA90A9C65BC}"
EndProject
Project("{2150E333-8FDC-42A3-9474-1A3956D46DE8}") = "Access", "Access", "{5DF8EAD6-BB7E-4C5C-B980-70F0877D27A2}"
EndProject
Project("{9A19103F-16F7-4668-BE54-9A1E7A4F7556}") = "DataAccessMeta", "Data\DataAccess\DataAccessMeta\DataAccessMeta\DataAccessMeta.csproj", "{5002F558-BB33-48DB-A69A-AC36C461CFFC}"
EndProject
Project("{2150E333-8FDC-42A3-9474-1A3956D46DE8}") = "Model", "Model", "{E18211FD-20AA-4775-8064-323D36D26F71}"
EndProject
Project("{9A19103F-16F7-4668-BE54-9A1E7A4F7556}") = "DataModelMeta", "Data\Model\DataModelMeta\DataModelMeta.csproj", "{CACB3A3B-C056-4197-9864-281EED6BA6C4}"
EndProject
Project("{9A19103F-16F7-4668-BE54-9A1E7A4F7556}") = "BusinessModelMeta", "Business\Model\BusinessModelMeta\BusinessModelMeta.csproj", "{E0D17AA5-2035-467A-9E08-A94AF1DD4BA0}"
EndProject
Project("{9A19103F-16F7-4668-BE54-9A1E7A4F7556}") = "BusinessServicesMeta", "Business\Services\BusinessServicesMeta\BusinessServicesMeta.csproj", "{623755FB-2051-43BF-B668-631072EA37C4}"
EndProject
Project("{9A19103F-16F7-4668-BE54-9A1E7A4F7556}") = "DataAccessors", "Data\DataAccess\DataAccessors\DataAccessors\DataAccessors.csproj", "{FD3E71C8-AA4B-4001-B514-BA94578DF7B2}"
EndProject
Project("{2150E333-8FDC-42A3-9474-1A3956D46DE8}") = "Common", "Common", "{98387456-96A6-4D43-85C9-4CEE891C5ECF}"
EndProject
Project("{9A19103F-16F7-4668-BE54-9A1E7A4F7556}") = "ClassLoading", "Common\ClassLoading\ClassLoading.csproj", "{A922C510-F9DF-4DCA-B32F-83174F3590F8}"
EndProject
Project("{2150E333-8FDC-42A3-9474-1A3956D46DE8}") = "Tests", "Tests", "{F5865056-E170-461F-BA94-83A9FF00DFAF}"
EndProject
Project("{2150E333-8FDC-42A3-9474-1A3956D46DE8}") = "Common", "Common", "{45D71FD7-E5E7-4AD8-9CB8-D2F0A7B6278E}"
EndProject
Project("{9A19103F-16F7-4668-BE54-9A1E7A4F7556}") = "ClassLoadingTests", "Tests\Common\ClassLoadingTests\ClassLoadingTests.csproj", "{EE743F45-0403-4B2F-8504-1BE369502A82}"
EndProject
Project("{2150E333-8FDC-42A3-9474-1A3956D46DE8}") = "Article", "Article", "{EDFCFD1D-E9BC-4D2A-B7A9-13306901B085}"
EndProject
Project("{9A19103F-16F7-4668-BE54-9A1E7A4F7556}") = "ArticleBusinessModelMeta", "Business\Model\Article\ArticleBusinessModelMeta\ArticleBusinessModelMeta.csproj", "{FBB7811C-2944-4A1E-92B7-C6CE7B5922CD}"
EndProject
Project("{2150E333-8FDC-42A3-9474-1A3956D46DE8}") = "Rest", "Rest", "{6B787092-2AF5-4719-84A6-6E4BF941E3DD}"
EndProject
Project("{9A19103F-16F7-4668-BE54-9A1E7A4F7556}") = "iStoreRestApi", "Applications\Rest\iStoreRestApi\iStoreRestApi.csproj", "{81D7F443-2AF3-4CDF-9DEF-F97196EA0E9D}"
EndProject
Project("{E53339B2-1760-4266-BCC7-CA923CBCF16C}") = "docker-compose", "docker-compose.dcproj", "{8984EFB0-C609-4273-B35F-1F765C8237AD}"
EndProject
Project("{2150E333-8FDC-42A3-9474-1A3956D46DE8}") = "Databases", "Databases", "{CCF67C35-C1BE-4097-BA45-C06F0F8114DB}"
EndProject
Project("{2150E333-8FDC-42A3-9474-1A3956D46DE8}") = "Constants", "Constants", "{EEAE98BA-AAAB-46BC-94BE-42722A362264}"
EndProject
Project("{2150E333-8FDC-42A3-9474-1A3956D46DE8}") = "Configuration", "Configuration", "{A7F7D91D-3F56-4BBB-A8F3-D901B72751F7}"
EndProject
Project("{2150E333-8FDC-42A3-9474-1A3956D46DE8}") = "Namespace", "Namespace", "{B0B285A9-5F67-45FD-96FA-2AFDF7AFC0CF}"
EndProject
Project("{FAE04EC0-301F-11D3-BF4B-00C04F79EFBC}") = "IStoreLibrariesNames", "Constants\Namespace\IStoreLibrariesNames\IStoreLibrariesNames.csproj", "{7C0F9C0E-2F8E-4FE8-B89C-CC952A162E4A}"
EndProject
Global
	GlobalSection(SolutionConfigurationPlatforms) = preSolution
		Debug|Any CPU = Debug|Any CPU
		Release|Any CPU = Release|Any CPU
	EndGlobalSection
	GlobalSection(ProjectConfigurationPlatforms) = postSolution
		{CAB5FD54-D71D-48C6-8FF3-2C4D0CF0D626}.Debug|Any CPU.ActiveCfg = Debug|Any CPU
		{CAB5FD54-D71D-48C6-8FF3-2C4D0CF0D626}.Debug|Any CPU.Build.0 = Debug|Any CPU
		{CAB5FD54-D71D-48C6-8FF3-2C4D0CF0D626}.Release|Any CPU.ActiveCfg = Release|Any CPU
		{CAB5FD54-D71D-48C6-8FF3-2C4D0CF0D626}.Release|Any CPU.Build.0 = Release|Any CPU
		{ADD56D14-4302-4557-B3A2-476EDA7FC67F}.Debug|Any CPU.ActiveCfg = Debug|Any CPU
		{ADD56D14-4302-4557-B3A2-476EDA7FC67F}.Debug|Any CPU.Build.0 = Debug|Any CPU
		{ADD56D14-4302-4557-B3A2-476EDA7FC67F}.Release|Any CPU.ActiveCfg = Release|Any CPU
		{ADD56D14-4302-4557-B3A2-476EDA7FC67F}.Release|Any CPU.Build.0 = Release|Any CPU
		{5002F558-BB33-48DB-A69A-AC36C461CFFC}.Debug|Any CPU.ActiveCfg = Debug|Any CPU
		{5002F558-BB33-48DB-A69A-AC36C461CFFC}.Debug|Any CPU.Build.0 = Debug|Any CPU
		{5002F558-BB33-48DB-A69A-AC36C461CFFC}.Release|Any CPU.ActiveCfg = Release|Any CPU
		{5002F558-BB33-48DB-A69A-AC36C461CFFC}.Release|Any CPU.Build.0 = Release|Any CPU
		{CACB3A3B-C056-4197-9864-281EED6BA6C4}.Debug|Any CPU.ActiveCfg = Debug|Any CPU
		{CACB3A3B-C056-4197-9864-281EED6BA6C4}.Debug|Any CPU.Build.0 = Debug|Any CPU
		{CACB3A3B-C056-4197-9864-281EED6BA6C4}.Release|Any CPU.ActiveCfg = Release|Any CPU
		{CACB3A3B-C056-4197-9864-281EED6BA6C4}.Release|Any CPU.Build.0 = Release|Any CPU
		{E0D17AA5-2035-467A-9E08-A94AF1DD4BA0}.Debug|Any CPU.ActiveCfg = Debug|Any CPU
		{E0D17AA5-2035-467A-9E08-A94AF1DD4BA0}.Debug|Any CPU.Build.0 = Debug|Any CPU
		{E0D17AA5-2035-467A-9E08-A94AF1DD4BA0}.Release|Any CPU.ActiveCfg = Release|Any CPU
		{E0D17AA5-2035-467A-9E08-A94AF1DD4BA0}.Release|Any CPU.Build.0 = Release|Any CPU
		{623755FB-2051-43BF-B668-631072EA37C4}.Debug|Any CPU.ActiveCfg = Debug|Any CPU
		{623755FB-2051-43BF-B668-631072EA37C4}.Debug|Any CPU.Build.0 = Debug|Any CPU
		{623755FB-2051-43BF-B668-631072EA37C4}.Release|Any CPU.ActiveCfg = Release|Any CPU
		{623755FB-2051-43BF-B668-631072EA37C4}.Release|Any CPU.Build.0 = Release|Any CPU
		{FD3E71C8-AA4B-4001-B514-BA94578DF7B2}.Debug|Any CPU.ActiveCfg = Debug|Any CPU
		{FD3E71C8-AA4B-4001-B514-BA94578DF7B2}.Debug|Any CPU.Build.0 = Debug|Any CPU
		{FD3E71C8-AA4B-4001-B514-BA94578DF7B2}.Release|Any CPU.ActiveCfg = Release|Any CPU
		{FD3E71C8-AA4B-4001-B514-BA94578DF7B2}.Release|Any CPU.Build.0 = Release|Any CPU
		{A922C510-F9DF-4DCA-B32F-83174F3590F8}.Debug|Any CPU.ActiveCfg = Debug|Any CPU
		{A922C510-F9DF-4DCA-B32F-83174F3590F8}.Debug|Any CPU.Build.0 = Debug|Any CPU
		{A922C510-F9DF-4DCA-B32F-83174F3590F8}.Release|Any CPU.ActiveCfg = Release|Any CPU
		{A922C510-F9DF-4DCA-B32F-83174F3590F8}.Release|Any CPU.Build.0 = Release|Any CPU
		{EE743F45-0403-4B2F-8504-1BE369502A82}.Debug|Any CPU.ActiveCfg = Debug|Any CPU
		{EE743F45-0403-4B2F-8504-1BE369502A82}.Debug|Any CPU.Build.0 = Debug|Any CPU
		{EE743F45-0403-4B2F-8504-1BE369502A82}.Release|Any CPU.ActiveCfg = Release|Any CPU
		{EE743F45-0403-4B2F-8504-1BE369502A82}.Release|Any CPU.Build.0 = Release|Any CPU
		{FBB7811C-2944-4A1E-92B7-C6CE7B5922CD}.Debug|Any CPU.ActiveCfg = Debug|Any CPU
		{FBB7811C-2944-4A1E-92B7-C6CE7B5922CD}.Debug|Any CPU.Build.0 = Debug|Any CPU
		{FBB7811C-2944-4A1E-92B7-C6CE7B5922CD}.Release|Any CPU.ActiveCfg = Release|Any CPU
		{FBB7811C-2944-4A1E-92B7-C6CE7B5922CD}.Release|Any CPU.Build.0 = Release|Any CPU
		{81D7F443-2AF3-4CDF-9DEF-F97196EA0E9D}.Debug|Any CPU.ActiveCfg = Debug|Any CPU
		{81D7F443-2AF3-4CDF-9DEF-F97196EA0E9D}.Debug|Any CPU.Build.0 = Debug|Any CPU
		{81D7F443-2AF3-4CDF-9DEF-F97196EA0E9D}.Release|Any CPU.ActiveCfg = Release|Any CPU
		{81D7F443-2AF3-4CDF-9DEF-F97196EA0E9D}.Release|Any CPU.Build.0 = Release|Any CPU
		{8984EFB0-C609-4273-B35F-1F765C8237AD}.Debug|Any CPU.ActiveCfg = Debug|Any CPU
		{8984EFB0-C609-4273-B35F-1F765C8237AD}.Debug|Any CPU.Build.0 = Debug|Any CPU
		{8984EFB0-C609-4273-B35F-1F765C8237AD}.Release|Any CPU.ActiveCfg = Release|Any CPU
		{8984EFB0-C609-4273-B35F-1F765C8237AD}.Release|Any CPU.Build.0 = Release|Any CPU
		{7C0F9C0E-2F8E-4FE8-B89C-CC952A162E4A}.Debug|Any CPU.ActiveCfg = Debug|Any CPU
		{7C0F9C0E-2F8E-4FE8-B89C-CC952A162E4A}.Debug|Any CPU.Build.0 = Debug|Any CPU
		{7C0F9C0E-2F8E-4FE8-B89C-CC952A162E4A}.Release|Any CPU.ActiveCfg = Release|Any CPU
		{7C0F9C0E-2F8E-4FE8-B89C-CC952A162E4A}.Release|Any CPU.Build.0 = Release|Any CPU
	EndGlobalSection
	GlobalSection(SolutionProperties) = preSolution
		HideSolutionNode = FALSE
	EndGlobalSection
	GlobalSection(NestedProjects) = preSolution
		{954E508A-69FE-439D-94D9-430A4F543BA2} = {70260CE0-7AE4-4857-9565-6609ABA21F5D}
		{5F78765A-59AB-4A98-B775-B9F38D0C79AA} = {70260CE0-7AE4-4857-9565-6609ABA21F5D}
		{900F7442-BE55-4801-8CBD-95529E23B671} = {0BBDB126-9D3B-4B74-9F0F-0F8E106E4D16}
		{ADD56D14-4302-4557-B3A2-476EDA7FC67F} = {900F7442-BE55-4801-8CBD-95529E23B671}
		{5DF8EAD6-BB7E-4C5C-B980-70F0877D27A2} = {27325BC9-DF14-45EF-A4B0-BEA90A9C65BC}
		{5002F558-BB33-48DB-A69A-AC36C461CFFC} = {5DF8EAD6-BB7E-4C5C-B980-70F0877D27A2}
		{E18211FD-20AA-4775-8064-323D36D26F71} = {27325BC9-DF14-45EF-A4B0-BEA90A9C65BC}
		{CACB3A3B-C056-4197-9864-281EED6BA6C4} = {E18211FD-20AA-4775-8064-323D36D26F71}
		{E0D17AA5-2035-467A-9E08-A94AF1DD4BA0} = {954E508A-69FE-439D-94D9-430A4F543BA2}
		{623755FB-2051-43BF-B668-631072EA37C4} = {5F78765A-59AB-4A98-B775-B9F38D0C79AA}
		{FD3E71C8-AA4B-4001-B514-BA94578DF7B2} = {5DF8EAD6-BB7E-4C5C-B980-70F0877D27A2}
		{A922C510-F9DF-4DCA-B32F-83174F3590F8} = {98387456-96A6-4D43-85C9-4CEE891C5ECF}
		{45D71FD7-E5E7-4AD8-9CB8-D2F0A7B6278E} = {F5865056-E170-461F-BA94-83A9FF00DFAF}
		{EE743F45-0403-4B2F-8504-1BE369502A82} = {45D71FD7-E5E7-4AD8-9CB8-D2F0A7B6278E}
		{EDFCFD1D-E9BC-4D2A-B7A9-13306901B085} = {954E508A-69FE-439D-94D9-430A4F543BA2}
		{FBB7811C-2944-4A1E-92B7-C6CE7B5922CD} = {EDFCFD1D-E9BC-4D2A-B7A9-13306901B085}
		{6B787092-2AF5-4719-84A6-6E4BF941E3DD} = {0BBDB126-9D3B-4B74-9F0F-0F8E106E4D16}
		{81D7F443-2AF3-4CDF-9DEF-F97196EA0E9D} = {6B787092-2AF5-4719-84A6-6E4BF941E3DD}
		{CCF67C35-C1BE-4097-BA45-C06F0F8114DB} = {27325BC9-DF14-45EF-A4B0-BEA90A9C65BC}
		{A7F7D91D-3F56-4BBB-A8F3-D901B72751F7} = {EEAE98BA-AAAB-46BC-94BE-42722A362264}
		{B0B285A9-5F67-45FD-96FA-2AFDF7AFC0CF} = {EEAE98BA-AAAB-46BC-94BE-42722A362264}
		{7C0F9C0E-2F8E-4FE8-B89C-CC952A162E4A} = {B0B285A9-5F67-45FD-96FA-2AFDF7AFC0CF}
	EndGlobalSection
	GlobalSection(ExtensibilityGlobals) = postSolution
		SolutionGuid = {18A1AB14-A704-4F6F-8C48-24E3C114C8E0}
	EndGlobalSection
EndGlobal
