
Microsoft Visual Studio Solution File, Format Version 12.00
# Visual Studio 15
VisualStudioVersion = 15.0.27428.2037
MinimumVisualStudioVersion = 10.0.40219.1
Project("{9A19103F-16F7-4668-BE54-9A1E7A4F7556}") = "iStoreSystem", "iStoreSystem\iStoreSystem.csproj", "{CAB5FD54-D71D-48C6-8FF3-2C4D0CF0D626}"
EndProject
Project("{2150E333-8FDC-42A3-9474-1A3956D46DE8}") = "Applications", "Applications", "{0BBDB126-9D3B-4B74-9F0F-0F8E106E4D16}"
EndProject
Project("{2150E333-8FDC-42A3-9474-1A3956D46DE8}") = "Console", "Console", "{900F7442-BE55-4801-8CBD-95529E23B671}"
EndProject
Project("{9A19103F-16F7-4668-BE54-9A1E7A4F7556}") = "iStoreConsole", "Applications\Console\iStoreConsole\iStoreConsole\iStoreConsole.csproj", "{ADD56D14-4302-4557-B3A2-476EDA7FC67F}"
EndProject
Project("{2150E333-8FDC-42A3-9474-1A3956D46DE8}") = "Common", "Common", "{98387456-96A6-4D43-85C9-4CEE891C5ECF}"
EndProject
Project("{9A19103F-16F7-4668-BE54-9A1E7A4F7556}") = "ClassLoading", "Common\ClassLoading\ClassLoading.csproj", "{A922C510-F9DF-4DCA-B32F-83174F3590F8}"
EndProject
Project("{2150E333-8FDC-42A3-9474-1A3956D46DE8}") = "Tests", "Tests", "{F5865056-E170-461F-BA94-83A9FF00DFAF}"
EndProject
Project("{2150E333-8FDC-42A3-9474-1A3956D46DE8}") = "Common", "Common", "{45D71FD7-E5E7-4AD8-9CB8-D2F0A7B6278E}"
EndProject
Project("{9A19103F-16F7-4668-BE54-9A1E7A4F7556}") = "ClassLoadingTests", "Tests\Common\ClassLoadingTests\ClassLoadingTests.csproj", "{EE743F45-0403-4B2F-8504-1BE369502A82}"
EndProject
Project("{2150E333-8FDC-42A3-9474-1A3956D46DE8}") = "Rest", "Rest", "{6B787092-2AF5-4719-84A6-6E4BF941E3DD}"
EndProject
Project("{9A19103F-16F7-4668-BE54-9A1E7A4F7556}") = "iStoreRestApi", "Applications\Rest\iStoreRestApi\iStoreRestApi.csproj", "{81D7F443-2AF3-4CDF-9DEF-F97196EA0E9D}"
EndProject
Project("{E53339B2-1760-4266-BCC7-CA923CBCF16C}") = "docker-compose", "docker-compose.dcproj", "{8984EFB0-C609-4273-B35F-1F765C8237AD}"
EndProject
Project("{2150E333-8FDC-42A3-9474-1A3956D46DE8}") = "Constants", "Constants", "{EEAE98BA-AAAB-46BC-94BE-42722A362264}"
EndProject
Project("{2150E333-8FDC-42A3-9474-1A3956D46DE8}") = "Configuration", "Configuration", "{A7F7D91D-3F56-4BBB-A8F3-D901B72751F7}"
EndProject
Project("{2150E333-8FDC-42A3-9474-1A3956D46DE8}") = "Namespace", "Namespace", "{B0B285A9-5F67-45FD-96FA-2AFDF7AFC0CF}"
EndProject
Project("{9A19103F-16F7-4668-BE54-9A1E7A4F7556}") = "IStoreLibrariesNames", "Constants\Namespace\IStoreLibrariesNames\IStoreLibrariesNames.csproj", "{7C0F9C0E-2F8E-4FE8-B89C-CC952A162E4A}"
EndProject
Project("{2150E333-8FDC-42A3-9474-1A3956D46DE8}") = "Scripts", "Scripts", "{8E96E357-8DA7-44E8-AC1F-C3DBDB82FE16}"
EndProject
Project("{2150E333-8FDC-42A3-9474-1A3956D46DE8}") = "PowerShell", "PowerShell", "{2A2F757A-FAF5-46D8-8777-D11351887651}"
EndProject
Project("{2150E333-8FDC-42A3-9474-1A3956D46DE8}") = "Databases", "Databases", "{9A0DD3A6-189A-44A1-ADC2-95372F4BC175}"
EndProject
Project("{2150E333-8FDC-42A3-9474-1A3956D46DE8}") = "MsSql", "MsSql", "{69A41796-4DDC-43E0-AE78-0719639102FB}"
EndProject
Project("{2150E333-8FDC-42A3-9474-1A3956D46DE8}") = "Solution", "Solution", "{8966AB02-8232-4571-8397-3764544DB9EC}"
	ProjectSection(SolutionItems) = preProject
		Scripts\PowerShell\Solution\ChangeDotNetProjectsVersion.ps1 = Scripts\PowerShell\Solution\ChangeDotNetProjectsVersion.ps1
	EndProjectSection
EndProject
Global
	GlobalSection(SolutionConfigurationPlatforms) = preSolution
		Debug|Any CPU = Debug|Any CPU
		Release|Any CPU = Release|Any CPU
	EndGlobalSection
	GlobalSection(ProjectConfigurationPlatforms) = postSolution
		{CAB5FD54-D71D-48C6-8FF3-2C4D0CF0D626}.Debug|Any CPU.ActiveCfg = Debug|Any CPU
		{CAB5FD54-D71D-48C6-8FF3-2C4D0CF0D626}.Debug|Any CPU.Build.0 = Debug|Any CPU
		{CAB5FD54-D71D-48C6-8FF3-2C4D0CF0D626}.Release|Any CPU.ActiveCfg = Release|Any CPU
		{CAB5FD54-D71D-48C6-8FF3-2C4D0CF0D626}.Release|Any CPU.Build.0 = Release|Any CPU
		{ADD56D14-4302-4557-B3A2-476EDA7FC67F}.Debug|Any CPU.ActiveCfg = Debug|Any CPU
		{ADD56D14-4302-4557-B3A2-476EDA7FC67F}.Debug|Any CPU.Build.0 = Debug|Any CPU
		{ADD56D14-4302-4557-B3A2-476EDA7FC67F}.Release|Any CPU.ActiveCfg = Release|Any CPU
		{ADD56D14-4302-4557-B3A2-476EDA7FC67F}.Release|Any CPU.Build.0 = Release|Any CPU
		{A922C510-F9DF-4DCA-B32F-83174F3590F8}.Debug|Any CPU.ActiveCfg = Debug|Any CPU
		{A922C510-F9DF-4DCA-B32F-83174F3590F8}.Debug|Any CPU.Build.0 = Debug|Any CPU
		{A922C510-F9DF-4DCA-B32F-83174F3590F8}.Release|Any CPU.ActiveCfg = Release|Any CPU
		{A922C510-F9DF-4DCA-B32F-83174F3590F8}.Release|Any CPU.Build.0 = Release|Any CPU
		{EE743F45-0403-4B2F-8504-1BE369502A82}.Debug|Any CPU.ActiveCfg = Debug|Any CPU
		{EE743F45-0403-4B2F-8504-1BE369502A82}.Debug|Any CPU.Build.0 = Debug|Any CPU
		{EE743F45-0403-4B2F-8504-1BE369502A82}.Release|Any CPU.ActiveCfg = Release|Any CPU
		{EE743F45-0403-4B2F-8504-1BE369502A82}.Release|Any CPU.Build.0 = Release|Any CPU
		{81D7F443-2AF3-4CDF-9DEF-F97196EA0E9D}.Debug|Any CPU.ActiveCfg = Debug|Any CPU
		{81D7F443-2AF3-4CDF-9DEF-F97196EA0E9D}.Debug|Any CPU.Build.0 = Debug|Any CPU
		{81D7F443-2AF3-4CDF-9DEF-F97196EA0E9D}.Release|Any CPU.ActiveCfg = Release|Any CPU
		{81D7F443-2AF3-4CDF-9DEF-F97196EA0E9D}.Release|Any CPU.Build.0 = Release|Any CPU
		{8984EFB0-C609-4273-B35F-1F765C8237AD}.Debug|Any CPU.ActiveCfg = Debug|Any CPU
		{8984EFB0-C609-4273-B35F-1F765C8237AD}.Debug|Any CPU.Build.0 = Debug|Any CPU
		{8984EFB0-C609-4273-B35F-1F765C8237AD}.Release|Any CPU.ActiveCfg = Release|Any CPU
		{8984EFB0-C609-4273-B35F-1F765C8237AD}.Release|Any CPU.Build.0 = Release|Any CPU
		{7C0F9C0E-2F8E-4FE8-B89C-CC952A162E4A}.Debug|Any CPU.ActiveCfg = Debug|Any CPU
		{7C0F9C0E-2F8E-4FE8-B89C-CC952A162E4A}.Debug|Any CPU.Build.0 = Debug|Any CPU
		{7C0F9C0E-2F8E-4FE8-B89C-CC952A162E4A}.Release|Any CPU.ActiveCfg = Release|Any CPU
		{7C0F9C0E-2F8E-4FE8-B89C-CC952A162E4A}.Release|Any CPU.Build.0 = Release|Any CPU
	EndGlobalSection
	GlobalSection(SolutionProperties) = preSolution
		HideSolutionNode = FALSE
	EndGlobalSection
	GlobalSection(NestedProjects) = preSolution
		{900F7442-BE55-4801-8CBD-95529E23B671} = {0BBDB126-9D3B-4B74-9F0F-0F8E106E4D16}
		{ADD56D14-4302-4557-B3A2-476EDA7FC67F} = {900F7442-BE55-4801-8CBD-95529E23B671}
		{A922C510-F9DF-4DCA-B32F-83174F3590F8} = {98387456-96A6-4D43-85C9-4CEE891C5ECF}
		{45D71FD7-E5E7-4AD8-9CB8-D2F0A7B6278E} = {F5865056-E170-461F-BA94-83A9FF00DFAF}
		{EE743F45-0403-4B2F-8504-1BE369502A82} = {45D71FD7-E5E7-4AD8-9CB8-D2F0A7B6278E}
		{6B787092-2AF5-4719-84A6-6E4BF941E3DD} = {0BBDB126-9D3B-4B74-9F0F-0F8E106E4D16}
		{81D7F443-2AF3-4CDF-9DEF-F97196EA0E9D} = {6B787092-2AF5-4719-84A6-6E4BF941E3DD}
		{A7F7D91D-3F56-4BBB-A8F3-D901B72751F7} = {EEAE98BA-AAAB-46BC-94BE-42722A362264}
		{B0B285A9-5F67-45FD-96FA-2AFDF7AFC0CF} = {EEAE98BA-AAAB-46BC-94BE-42722A362264}
		{7C0F9C0E-2F8E-4FE8-B89C-CC952A162E4A} = {B0B285A9-5F67-45FD-96FA-2AFDF7AFC0CF}
		{2A2F757A-FAF5-46D8-8777-D11351887651} = {8E96E357-8DA7-44E8-AC1F-C3DBDB82FE16}
		{9A0DD3A6-189A-44A1-ADC2-95372F4BC175} = {8E96E357-8DA7-44E8-AC1F-C3DBDB82FE16}
		{69A41796-4DDC-43E0-AE78-0719639102FB} = {9A0DD3A6-189A-44A1-ADC2-95372F4BC175}
		{8966AB02-8232-4571-8397-3764544DB9EC} = {2A2F757A-FAF5-46D8-8777-D11351887651}
	EndGlobalSection
	GlobalSection(ExtensibilityGlobals) = postSolution
		SolutionGuid = {18A1AB14-A704-4F6F-8C48-24E3C114C8E0}
	EndGlobalSection
EndGlobal
